
Microsoft Visual Studio Solution File, Format Version 12.00
# Visual Studio Version 17
VisualStudioVersion = 17.14.36221.1 d17.14
MinimumVisualStudioVersion = 10.0.40219.1
Project("{FAE04EC0-301F-11D3-BF4B-00C04F79EFBC}") = "Delivery-Order-Management", "Delivery-Order-Management\Delivery-Order-Management.csproj", "{51FC5EA1-F922-42A2-B22F-2BCA867B581C}"
EndProject
Global
	GlobalSection(SolutionConfigurationPlatforms) = preSolution
		Debug|Any CPU = Debug|Any CPU
		Release|Any CPU = Release|Any CPU
	EndGlobalSection
	GlobalSection(ProjectConfigurationPlatforms) = postSolution
		{51FC5EA1-F922-42A2-B22F-2BCA867B581C}.Debug|Any CPU.ActiveCfg = Debug|Any CPU
		{51FC5EA1-F922-42A2-B22F-2BCA867B581C}.Debug|Any CPU.Build.0 = Debug|Any CPU
		{51FC5EA1-F922-42A2-B22F-2BCA867B581C}.Release|Any CPU.ActiveCfg = Release|Any CPU
		{51FC5EA1-F922-42A2-B22F-2BCA867B581C}.Release|Any CPU.Build.0 = Release|Any CPU
	EndGlobalSection
	GlobalSection(SolutionProperties) = preSolution
		HideSolutionNode = FALSE
	EndGlobalSection
	GlobalSection(ExtensibilityGlobals) = postSolution
		SolutionGuid = {5DF87F49-BBF6-47EB-98A7-AC632D4406BD}
	EndGlobalSection
EndGlobal
